{
  "name": "sbom-fixture",
  "version": "1.0.0",
  "lockfileVersion": 3,
  "requires": true,
  "packages": {
    "": {
      "name": "sbom-fixture",
      "version": "1.0.0",
      "dependencies": { "runtime-component": "2.3.4" },
      "devDependencies": { "build-component": "5.6.7" }
    },
    "node_modules/runtime-component": {
      "version": "2.3.4",
      "resolved": "https://registry.npmjs.org/runtime-component/-/runtime-component-2.3.4.tgz",
      "integrity": "sha512-c3ludGhldGljLWZpeHR1cmUtaW50ZWdyaXR5"
    },
    "node_modules/build-component": {
      "version": "5.6.7",
      "resolved": "https://registry.npmjs.org/build-component/-/build-component-5.6.7.tgz",
      "integrity": "sha512-c3ludGhldGljLWZpeHR1cmUtaW50ZWdyaXR5",
      "dev": true
    }
  }
}
