{
  "name": "dependency-secure-fixture",
  "version": "1.0.0",
  "lockfileVersion": 3,
  "requires": true,
  "packages": {
    "": {
      "name": "dependency-secure-fixture",
      "version": "1.0.0",
      "dependencies": {
        "safe-package": "4.0.0"
      }
    },
    "node_modules/safe-package": {
      "version": "4.0.0",
      "resolved": "https://registry.npmjs.org/safe-package/-/safe-package-4.0.0.tgz",
      "integrity": "sha512-c3ludGhldGljLWZpeHR1cmUtaW50ZWdyaXR5"
    }
  }
}
